# This file is automatically @generated by Poetry 2.1.3 and should not be changed by hand.

[[package]]
name = "redis"
version = "7.0.1"
description = "Python client for Redis database and key-value store"
optional = false
python-versions = ">=3.9"
groups = ["main"]
files = [
    {file = "redis-7.0.1-py3-none-any.whl", hash = "sha256:4977af3c7d67f8f0eb8b6fec0dafc9605db9343142f634041fb0235f67c0588a"},
    {file = "redis-7.0.1.tar.gz", hash = "sha256:c949df947dca995dc68fdf5a7863950bf6df24f8d6022394585acc98e81624f1"},
]

[package.extras]
circuit-breaker = ["pybreaker (>=1.4.0)"]
hiredis = ["hiredis (>=3.2.0)"]
jwt = ["pyjwt (>=2.9.0)"]
ocsp = ["cryptography (>=36.0.1)", "pyopenssl (>=20.0.1)", "requests (>=2.31.0)"]

[metadata]
lock-version = "2.1"
python-versions = ">=3.12"
content-hash = "25e7ad3b44580e15a63215d206e2b2392d548ab5f32bcd19cbe11334678e4be1"
